<?xml version="1.0" encoding="utf-8"?>
<Project ToolsVersion="4.0" xmlns="http://schemas.microsoft.com/developer/msbuild/2003">
  <ItemGroup>
    <Filter Include="소스 파일">
      <UniqueIdentifier>{4FC737F1-C7A5-4376-A066-2A32D752A2FF}</UniqueIdentifier>
      <Extensions>cpp;c;cc;cxx;def;odl;idl;hpj;bat;asm;asmx</Extensions>
    </Filter>
    <Filter Include="헤더 파일">
      <UniqueIdentifier>{93995380-89BD-4b04-88EB-625FBE52EBFB}</UniqueIdentifier>
      <Extensions>h;hh;hpp;hxx;hm;inl;inc;xsd</Extensions>
    </Filter>
    <Filter Include="리소스 파일">
      <UniqueIdentifier>{67DA6AB6-F800-4c08-8B7A-83BB121AAD01}</UniqueIdentifier>
      <Extensions>rc;ico;cur;bmp;dlg;rc2;rct;bin;rgs;gif;jpg;jpeg;jpe;resx;tiff;tif;png;wav;mfcribbon-ms</Extensions>
    </Filter>
    <Filter Include="소스 파일\Framework">
      <UniqueIdentifier>{2a13aff1-59a6-47e1-8bfd-07e2c38d78ae}</UniqueIdentifier>
    </Filter>
    <Filter Include="소스 파일\MiddleLevel">
      <UniqueIdentifier>{62f39dc3-c148-41ca-9f02-0d88371a5536}</UniqueIdentifier>
    </Filter>
    <Filter Include="헤더 파일\Framework">
      <UniqueIdentifier>{ab8875c5-67e3-4fd7-9853-c52b5e703d1e}</UniqueIdentifier>
    </Filter>
    <Filter Include="헤더 파일\MiddileLevel">
      <UniqueIdentifier>{651e1ef8-8983-4969-8559-d7c87bf2e3c3}</UniqueIdentifier>
    </Filter>
    <Filter Include="소스 파일\Stage">
      <UniqueIdentifier>{a0a47acf-fef5-483e-a077-891aa911b664}</UniqueIdentifier>
    </Filter>
    <Filter Include="헤더 파일\Stage">
      <UniqueIdentifier>{f8cced4f-104f-4eb0-8199-9a55c844d6ef}</UniqueIdentifier>
    </Filter>
  </ItemGroup>
  <ItemGroup>
    <Text Include="ReadMe.txt" />
  </ItemGroup>
  <ItemGroup>
    <ClInclude Include="ActionGame.h">
      <Filter>헤더 파일\Framework</Filter>
    </ClInclude>
    <ClInclude Include="Allocator.h">
      <Filter>헤더 파일\Framework</Filter>
    </ClInclude>
    <ClInclude Include="Camera.h">
      <Filter>헤더 파일\Framework</Filter>
    </ClInclude>
    <ClInclude Include="Framework.h">
      <Filter>헤더 파일\Framework</Filter>
    </ClInclude>
    <ClInclude Include="GameObject.h">
      <Filter>헤더 파일\Framework</Filter>
    </ClInclude>
    <ClInclude Include="Model.h">
      <Filter>헤더 파일\Framework</Filter>
    </ClInclude>
    <ClInclude Include="Coin.h">
      <Filter>헤더 파일\MiddileLevel</Filter>
    </ClInclude>
    <ClInclude Include="DataManager.h">
      <Filter>헤더 파일\MiddileLevel</Filter>
    </ClInclude>
    <ClInclude Include="Enemy.h">
      <Filter>헤더 파일\MiddileLevel</Filter>
    </ClInclude>
    <ClInclude Include="Movable.h">
      <Filter>헤더 파일\MiddileLevel</Filter>
    </ClInclude>
    <ClInclude Include="Player.h">
      <Filter>헤더 파일\MiddileLevel</Filter>
    </ClInclude>
    <ClInclude Include="Resource.h">
      <Filter>헤더 파일\MiddileLevel</Filter>
    </ClInclude>
    <ClInclude Include="SkinnedModelQueue.h">
      <Filter>헤더 파일\MiddileLevel</Filter>
    </ClInclude>
    <ClInclude Include="stdafx.h">
      <Filter>헤더 파일\MiddileLevel</Filter>
    </ClInclude>
    <ClInclude Include="targetver.h">
      <Filter>헤더 파일\MiddileLevel</Filter>
    </ClInclude>
    <ClInclude Include="Tile.h">
      <Filter>헤더 파일\MiddileLevel</Filter>
    </ClInclude>
    <ClInclude Include="Stage.h">
      <Filter>헤더 파일\Stage</Filter>
    </ClInclude>
    <ClInclude Include="GFont.h">
      <Filter>헤더 파일</Filter>
    </ClInclude>
    <ClInclude Include="Store.h">
      <Filter>헤더 파일</Filter>
    </ClInclude>
  </ItemGroup>
  <ItemGroup>
    <ClCompile Include="ActionGame.cpp">
      <Filter>소스 파일\Framework</Filter>
    </ClCompile>
    <ClCompile Include="Allocator.cpp">
      <Filter>소스 파일\Framework</Filter>
    </ClCompile>
    <ClCompile Include="Camera.cpp">
      <Filter>소스 파일\Framework</Filter>
    </ClCompile>
    <ClCompile Include="Framework.cpp">
      <Filter>소스 파일\Framework</Filter>
    </ClCompile>
    <ClCompile Include="GameObject.cpp">
      <Filter>소스 파일\Framework</Filter>
    </ClCompile>
    <ClCompile Include="Model.cpp">
      <Filter>소스 파일\Framework</Filter>
    </ClCompile>
    <ClCompile Include="Coin.cpp">
      <Filter>소스 파일\MiddleLevel</Filter>
    </ClCompile>
    <ClCompile Include="DataManager.cpp">
      <Filter>소스 파일\MiddleLevel</Filter>
    </ClCompile>
    <ClCompile Include="Enemy.cpp">
      <Filter>소스 파일\MiddleLevel</Filter>
    </ClCompile>
    <ClCompile Include="Movable.cpp">
      <Filter>소스 파일\MiddleLevel</Filter>
    </ClCompile>
    <ClCompile Include="Player.cpp">
      <Filter>소스 파일\MiddleLevel</Filter>
    </ClCompile>
    <ClCompile Include="SkinnedModelQueue.cpp">
      <Filter>소스 파일\MiddleLevel</Filter>
    </ClCompile>
    <ClCompile Include="stdafx.cpp">
      <Filter>소스 파일\MiddleLevel</Filter>
    </ClCompile>
    <ClCompile Include="Tile.cpp">
      <Filter>소스 파일\MiddleLevel</Filter>
    </ClCompile>
    <ClCompile Include="Stage.cpp">
      <Filter>소스 파일\Stage</Filter>
    </ClCompile>
    <ClCompile Include="GFont.cpp">
      <Filter>소스 파일</Filter>
    </ClCompile>
    <ClCompile Include="Store.cpp">
      <Filter>소스 파일</Filter>
    </ClCompile>
  </ItemGroup>
  <ItemGroup>
    <ResourceCompile Include="ActionGame.rc">
      <Filter>리소스 파일</Filter>
    </ResourceCompile>
  </ItemGroup>
  <ItemGroup>
    <Image Include="small.ico">
      <Filter>리소스 파일</Filter>
    </Image>
    <Image Include="ActionGame.ico">
      <Filter>리소스 파일</Filter>
    </Image>
  </ItemGroup>
</Project>